{
  "name": "flex-shop-manager-demo",
  "lockfileVersion": 3,
  "requires": true,
  "packages": {
    "": {
      "dependencies": {
        "@fontsource/dseg7-classic": "^5.2.5"
      }
    },
    "node_modules/@fontsource/dseg7-classic": {
      "version": "5.2.5",
      "resolved": "https://registry.npmjs.org/@fontsource/dseg7-classic/-/dseg7-classic-5.2.5.tgz",
      "integrity": "sha512-HMeQpwRFfptfmAXMAaN4H9lNKMmGHA0TOb8mUpdRAaCiYPYotQFG/bX9heU6cHQ8lG8KfDYv8DE3SUXIQS/wzw==",
      "license": "OFL-1.1",
      "funding": {
        "url": "https://github.com/sponsors/ayuhito"
      }
    }
  }
}
